
Microsoft Visual Studio Solution File, Format Version 12.00
# Visual Studio Version 16
VisualStudioVersion = 16.0.31729.503
MinimumVisualStudioVersion = 10.0.40219.1
Project("{FAE04EC0-301F-11D3-BF4B-00C04F79EFBC}") = "OpenWeatherApiRequest", "OpenWeatherApiRequest\OpenWeatherApiRequest.csproj", "{51109492-52C8-473F-8B68-A5A58249640B}"
EndProject
Global
	GlobalSection(SolutionConfigurationPlatforms) = preSolution
		Debug|Any CPU = Debug|Any CPU
		Release|Any CPU = Release|Any CPU
	EndGlobalSection
	GlobalSection(ProjectConfigurationPlatforms) = postSolution
		{51109492-52C8-473F-8B68-A5A58249640B}.Debug|Any CPU.ActiveCfg = Debug|Any CPU
		{51109492-52C8-473F-8B68-A5A58249640B}.Debug|Any CPU.Build.0 = Debug|Any CPU
		{51109492-52C8-473F-8B68-A5A58249640B}.Release|Any CPU.ActiveCfg = Release|Any CPU
		{51109492-52C8-473F-8B68-A5A58249640B}.Release|Any CPU.Build.0 = Release|Any CPU
	EndGlobalSection
	GlobalSection(SolutionProperties) = preSolution
		HideSolutionNode = FALSE
	EndGlobalSection
	GlobalSection(ExtensibilityGlobals) = postSolution
		SolutionGuid = {1E504302-491F-473A-9B17-84831767B01D}
	EndGlobalSection
EndGlobal
